
Microsoft Visual Studio Solution File, Format Version 12.00
# Visual Studio Version 17
VisualStudioVersion = 17.14.36221.1
MinimumVisualStudioVersion = 10.0.40219.1
Project("{FAE04EC0-301F-11D3-BF4B-00C04F79EFBC}") = "MiddleEarthTrader", "MiddleEarthTrader\MiddleEarthTrader.csproj", "{B7C709A6-4DFB-49F6-A029-2462AB6CF141}"
EndProject
Project("{FAE04EC0-301F-11D3-BF4B-00C04F79EFBC}") = "MiddleEarthTrader.Application", "MiddleEarthTrader.Application\MiddleEarthTrader.Application.csproj", "{3056F279-3EC7-44DB-B25F-71B6FB45E206}"
EndProject
Project("{FAE04EC0-301F-11D3-BF4B-00C04F79EFBC}") = "MiddleEarthTrader.API", "MiddleEarthTrader.API\MiddleEarthTrader.API.csproj", "{012C8A5E-35FF-43E1-A17D-E2A5C90AD68A}"
EndProject
Global
	GlobalSection(SolutionConfigurationPlatforms) = preSolution
		Debug|Any CPU = Debug|Any CPU
		Release|Any CPU = Release|Any CPU
	EndGlobalSection
	GlobalSection(ProjectConfigurationPlatforms) = postSolution
		{B7C709A6-4DFB-49F6-A029-2462AB6CF141}.Debug|Any CPU.ActiveCfg = Debug|Any CPU
		{B7C709A6-4DFB-49F6-A029-2462AB6CF141}.Debug|Any CPU.Build.0 = Debug|Any CPU
		{B7C709A6-4DFB-49F6-A029-2462AB6CF141}.Release|Any CPU.ActiveCfg = Release|Any CPU
		{B7C709A6-4DFB-49F6-A029-2462AB6CF141}.Release|Any CPU.Build.0 = Release|Any CPU
		{3056F279-3EC7-44DB-B25F-71B6FB45E206}.Debug|Any CPU.ActiveCfg = Debug|Any CPU
		{3056F279-3EC7-44DB-B25F-71B6FB45E206}.Debug|Any CPU.Build.0 = Debug|Any CPU
		{3056F279-3EC7-44DB-B25F-71B6FB45E206}.Release|Any CPU.ActiveCfg = Release|Any CPU
		{3056F279-3EC7-44DB-B25F-71B6FB45E206}.Release|Any CPU.Build.0 = Release|Any CPU
		{012C8A5E-35FF-43E1-A17D-E2A5C90AD68A}.Debug|Any CPU.ActiveCfg = Debug|Any CPU
		{012C8A5E-35FF-43E1-A17D-E2A5C90AD68A}.Debug|Any CPU.Build.0 = Debug|Any CPU
		{012C8A5E-35FF-43E1-A17D-E2A5C90AD68A}.Release|Any CPU.ActiveCfg = Release|Any CPU
		{012C8A5E-35FF-43E1-A17D-E2A5C90AD68A}.Release|Any CPU.Build.0 = Release|Any CPU
	EndGlobalSection
	GlobalSection(SolutionProperties) = preSolution
		HideSolutionNode = FALSE
	EndGlobalSection
	GlobalSection(ExtensibilityGlobals) = postSolution
		SolutionGuid = {6119909E-8C2B-4F73-BD9E-828AED0FAA3B}
	EndGlobalSection
EndGlobal
